
Microsoft Visual Studio Solution File, Format Version 12.00
# Visual Studio Version 17
VisualStudioVersion = 17.8.34309.116
MinimumVisualStudioVersion = 10.0.40219.1
Project("{2150E333-8FDC-42A3-9474-1A3956D46DE8}") = "Services", "Services", "{FBBB3A6C-8C25-463D-81B4-0C319B5ADB37}"
	ProjectSection(SolutionItems) = preProject
		zFormat.cs = zFormat.cs
	EndProjectSection
EndProject
Project("{2150E333-8FDC-42A3-9474-1A3956D46DE8}") = "Catalog", "Catalog", "{93D7697E-2739-43E5-936B-2358F12519A0}"
EndProject
Project("{9A19103F-16F7-4668-BE54-9A1E7A4F7556}") = "Catalog.API", "Services\Catalog\Catalog.API\Catalog.API.csproj", "{90B2B056-526E-4CF4-9B3D-2EAC88160186}"
EndProject
Project("{E53339B2-1760-4266-BCC7-CA923CBCF16C}") = "docker-compose", "docker-compose.dcproj", "{6444D9F5-F8B7-453E-AD39-B4910436F2D5}"
EndProject
Project("{2150E333-8FDC-42A3-9474-1A3956D46DE8}") = "Basket", "Basket", "{31B557F0-2009-4A03-9282-25DBA5531716}"
EndProject
Project("{9A19103F-16F7-4668-BE54-9A1E7A4F7556}") = "Basket.API", "Services\Basket\Basket.API\Basket.API.csproj", "{E235AE2F-DDD8-4125-A9B9-C97DD324DBDD}"
EndProject
Project("{2150E333-8FDC-42A3-9474-1A3956D46DE8}") = "Discount", "Discount", "{E59B5210-864C-4B53-A9B2-CAE02AD14A4C}"
EndProject
Project("{9A19103F-16F7-4668-BE54-9A1E7A4F7556}") = "Discount.API", "Services\Discount\Discount.API\Discount.API.csproj", "{CC6B9B4F-C360-40FD-B9D5-F7D2F4456F64}"
EndProject
Project("{9A19103F-16F7-4668-BE54-9A1E7A4F7556}") = "Discount.Grpc", "Services\Discount\Discount.Grpc\Discount.Grpc.csproj", "{422A6174-84DC-42CF-A753-7867A077862D}"
EndProject
Project("{2150E333-8FDC-42A3-9474-1A3956D46DE8}") = "Ordering", "Ordering", "{C076B1C8-C41D-4E42-B7B5-96DA821EC3A3}"
EndProject
Project("{9A19103F-16F7-4668-BE54-9A1E7A4F7556}") = "Ordering.Domain", "Services\Ordering\Ordering.Domain\Ordering.Domain.csproj", "{3015EC68-0E89-41DC-AD4B-A1B4B9EC61B1}"
EndProject
Project("{9A19103F-16F7-4668-BE54-9A1E7A4F7556}") = "Ordering.API", "Services\Ordering\Ordering.API\Ordering.API.csproj", "{1F774E79-8574-48FC-9950-8ADDFB16E246}"
EndProject
Project("{9A19103F-16F7-4668-BE54-9A1E7A4F7556}") = "Ordering.Application", "Services\Ordering\Ordering.Application\Ordering.Application.csproj", "{A22C7D05-05CE-4E79-943E-3E46BA0C0986}"
EndProject
Project("{9A19103F-16F7-4668-BE54-9A1E7A4F7556}") = "Ordering.Infrastructure", "Services\Ordering\Ordering.Infrastructure\Ordering.Infrastructure.csproj", "{40C26A2B-099F-4F04-98E7-1A7CBCA39DD8}"
EndProject
Project("{2150E333-8FDC-42A3-9474-1A3956D46DE8}") = "BuildingBlocks", "BuildingBlocks", "{4F4A71BB-AFCD-4792-A382-2D7B04B25510}"
EndProject
Project("{9A19103F-16F7-4668-BE54-9A1E7A4F7556}") = "EventBus.Messages", "BuildingBlocks\EventBus.Messages\EventBus.Messages.csproj", "{2A2308E9-90D5-4FF6-9F09-1419EAAEAA72}"
EndProject
Project("{2150E333-8FDC-42A3-9474-1A3956D46DE8}") = "ApiGateways", "ApiGateways", "{2F7EAF7A-EEB0-4DC4-B63A-98DE9734C6D2}"
EndProject
Project("{9A19103F-16F7-4668-BE54-9A1E7A4F7556}") = "OcelotApiGw", "ApiGateways\OcelotApiGw\OcelotApiGw.csproj", "{58E918C2-5BA7-453B-B75F-39764722A3A3}"
EndProject
Project("{9A19103F-16F7-4668-BE54-9A1E7A4F7556}") = "Shopping.Aggregator", "ApiGateways\Shopping.Aggregator\Shopping.Aggregator.csproj", "{9A82F7D4-E057-4185-B1BD-076726D3A7C8}"
EndProject
Project("{2150E333-8FDC-42A3-9474-1A3956D46DE8}") = "WebApps", "WebApps", "{26980866-A1FC-40F4-BCF3-DC2B2405A692}"
EndProject
Project("{9A19103F-16F7-4668-BE54-9A1E7A4F7556}") = "AspnetRunBasics", "WebApps\AspnetRunBasics\AspnetRunBasics.csproj", "{3692B575-75E2-4530-B317-EA38B6DBF345}"
EndProject
Project("{FAE04EC0-301F-11D3-BF4B-00C04F79EFBC}") = "Common.Logging", "BuildingBlocks\Common.Logging\Common.Logging.csproj", "{7DA5B7C2-B743-48BB-953F-F2A4D8F4AF10}"
EndProject
Project("{2150E333-8FDC-42A3-9474-1A3956D46DE8}") = "Solution Items", "Solution Items", "{41A5099B-278C-4AC0-9FAE-3FFDF0EA260B}"
	ProjectSection(SolutionItems) = preProject
		.editorconfig = .editorconfig
	EndProjectSection
EndProject
Global
	GlobalSection(SolutionConfigurationPlatforms) = preSolution
		Debug|Any CPU = Debug|Any CPU
		Release|Any CPU = Release|Any CPU
	EndGlobalSection
	GlobalSection(ProjectConfigurationPlatforms) = postSolution
		{90B2B056-526E-4CF4-9B3D-2EAC88160186}.Debug|Any CPU.ActiveCfg = Debug|Any CPU
		{90B2B056-526E-4CF4-9B3D-2EAC88160186}.Debug|Any CPU.Build.0 = Debug|Any CPU
		{90B2B056-526E-4CF4-9B3D-2EAC88160186}.Release|Any CPU.ActiveCfg = Release|Any CPU
		{90B2B056-526E-4CF4-9B3D-2EAC88160186}.Release|Any CPU.Build.0 = Release|Any CPU
		{6444D9F5-F8B7-453E-AD39-B4910436F2D5}.Debug|Any CPU.ActiveCfg = Debug|Any CPU
		{6444D9F5-F8B7-453E-AD39-B4910436F2D5}.Debug|Any CPU.Build.0 = Debug|Any CPU
		{6444D9F5-F8B7-453E-AD39-B4910436F2D5}.Release|Any CPU.ActiveCfg = Release|Any CPU
		{6444D9F5-F8B7-453E-AD39-B4910436F2D5}.Release|Any CPU.Build.0 = Release|Any CPU
		{E235AE2F-DDD8-4125-A9B9-C97DD324DBDD}.Debug|Any CPU.ActiveCfg = Debug|Any CPU
		{E235AE2F-DDD8-4125-A9B9-C97DD324DBDD}.Debug|Any CPU.Build.0 = Debug|Any CPU
		{E235AE2F-DDD8-4125-A9B9-C97DD324DBDD}.Release|Any CPU.ActiveCfg = Release|Any CPU
		{E235AE2F-DDD8-4125-A9B9-C97DD324DBDD}.Release|Any CPU.Build.0 = Release|Any CPU
		{CC6B9B4F-C360-40FD-B9D5-F7D2F4456F64}.Debug|Any CPU.ActiveCfg = Debug|Any CPU
		{CC6B9B4F-C360-40FD-B9D5-F7D2F4456F64}.Debug|Any CPU.Build.0 = Debug|Any CPU
		{CC6B9B4F-C360-40FD-B9D5-F7D2F4456F64}.Release|Any CPU.ActiveCfg = Release|Any CPU
		{CC6B9B4F-C360-40FD-B9D5-F7D2F4456F64}.Release|Any CPU.Build.0 = Release|Any CPU
		{422A6174-84DC-42CF-A753-7867A077862D}.Debug|Any CPU.ActiveCfg = Debug|Any CPU
		{422A6174-84DC-42CF-A753-7867A077862D}.Debug|Any CPU.Build.0 = Debug|Any CPU
		{422A6174-84DC-42CF-A753-7867A077862D}.Release|Any CPU.ActiveCfg = Release|Any CPU
		{422A6174-84DC-42CF-A753-7867A077862D}.Release|Any CPU.Build.0 = Release|Any CPU
		{3015EC68-0E89-41DC-AD4B-A1B4B9EC61B1}.Debug|Any CPU.ActiveCfg = Debug|Any CPU
		{3015EC68-0E89-41DC-AD4B-A1B4B9EC61B1}.Debug|Any CPU.Build.0 = Debug|Any CPU
		{3015EC68-0E89-41DC-AD4B-A1B4B9EC61B1}.Release|Any CPU.ActiveCfg = Release|Any CPU
		{3015EC68-0E89-41DC-AD4B-A1B4B9EC61B1}.Release|Any CPU.Build.0 = Release|Any CPU
		{1F774E79-8574-48FC-9950-8ADDFB16E246}.Debug|Any CPU.ActiveCfg = Debug|Any CPU
		{1F774E79-8574-48FC-9950-8ADDFB16E246}.Debug|Any CPU.Build.0 = Debug|Any CPU
		{1F774E79-8574-48FC-9950-8ADDFB16E246}.Release|Any CPU.ActiveCfg = Release|Any CPU
		{1F774E79-8574-48FC-9950-8ADDFB16E246}.Release|Any CPU.Build.0 = Release|Any CPU
		{A22C7D05-05CE-4E79-943E-3E46BA0C0986}.Debug|Any CPU.ActiveCfg = Debug|Any CPU
		{A22C7D05-05CE-4E79-943E-3E46BA0C0986}.Debug|Any CPU.Build.0 = Debug|Any CPU
		{A22C7D05-05CE-4E79-943E-3E46BA0C0986}.Release|Any CPU.ActiveCfg = Release|Any CPU
		{A22C7D05-05CE-4E79-943E-3E46BA0C0986}.Release|Any CPU.Build.0 = Release|Any CPU
		{40C26A2B-099F-4F04-98E7-1A7CBCA39DD8}.Debug|Any CPU.ActiveCfg = Debug|Any CPU
		{40C26A2B-099F-4F04-98E7-1A7CBCA39DD8}.Debug|Any CPU.Build.0 = Debug|Any CPU
		{40C26A2B-099F-4F04-98E7-1A7CBCA39DD8}.Release|Any CPU.ActiveCfg = Release|Any CPU
		{40C26A2B-099F-4F04-98E7-1A7CBCA39DD8}.Release|Any CPU.Build.0 = Release|Any CPU
		{2A2308E9-90D5-4FF6-9F09-1419EAAEAA72}.Debug|Any CPU.ActiveCfg = Debug|Any CPU
		{2A2308E9-90D5-4FF6-9F09-1419EAAEAA72}.Debug|Any CPU.Build.0 = Debug|Any CPU
		{2A2308E9-90D5-4FF6-9F09-1419EAAEAA72}.Release|Any CPU.ActiveCfg = Release|Any CPU
		{2A2308E9-90D5-4FF6-9F09-1419EAAEAA72}.Release|Any CPU.Build.0 = Release|Any CPU
		{58E918C2-5BA7-453B-B75F-39764722A3A3}.Debug|Any CPU.ActiveCfg = Debug|Any CPU
		{58E918C2-5BA7-453B-B75F-39764722A3A3}.Debug|Any CPU.Build.0 = Debug|Any CPU
		{58E918C2-5BA7-453B-B75F-39764722A3A3}.Release|Any CPU.ActiveCfg = Release|Any CPU
		{58E918C2-5BA7-453B-B75F-39764722A3A3}.Release|Any CPU.Build.0 = Release|Any CPU
		{9A82F7D4-E057-4185-B1BD-076726D3A7C8}.Debug|Any CPU.ActiveCfg = Debug|Any CPU
		{9A82F7D4-E057-4185-B1BD-076726D3A7C8}.Debug|Any CPU.Build.0 = Debug|Any CPU
		{9A82F7D4-E057-4185-B1BD-076726D3A7C8}.Release|Any CPU.ActiveCfg = Release|Any CPU
		{9A82F7D4-E057-4185-B1BD-076726D3A7C8}.Release|Any CPU.Build.0 = Release|Any CPU
		{3692B575-75E2-4530-B317-EA38B6DBF345}.Debug|Any CPU.ActiveCfg = Debug|Any CPU
		{3692B575-75E2-4530-B317-EA38B6DBF345}.Debug|Any CPU.Build.0 = Debug|Any CPU
		{3692B575-75E2-4530-B317-EA38B6DBF345}.Release|Any CPU.ActiveCfg = Release|Any CPU
		{3692B575-75E2-4530-B317-EA38B6DBF345}.Release|Any CPU.Build.0 = Release|Any CPU
		{7DA5B7C2-B743-48BB-953F-F2A4D8F4AF10}.Debug|Any CPU.ActiveCfg = Debug|Any CPU
		{7DA5B7C2-B743-48BB-953F-F2A4D8F4AF10}.Debug|Any CPU.Build.0 = Debug|Any CPU
		{7DA5B7C2-B743-48BB-953F-F2A4D8F4AF10}.Release|Any CPU.ActiveCfg = Release|Any CPU
		{7DA5B7C2-B743-48BB-953F-F2A4D8F4AF10}.Release|Any CPU.Build.0 = Release|Any CPU
	EndGlobalSection
	GlobalSection(SolutionProperties) = preSolution
		HideSolutionNode = FALSE
	EndGlobalSection
	GlobalSection(NestedProjects) = preSolution
		{93D7697E-2739-43E5-936B-2358F12519A0} = {FBBB3A6C-8C25-463D-81B4-0C319B5ADB37}
		{90B2B056-526E-4CF4-9B3D-2EAC88160186} = {93D7697E-2739-43E5-936B-2358F12519A0}
		{31B557F0-2009-4A03-9282-25DBA5531716} = {FBBB3A6C-8C25-463D-81B4-0C319B5ADB37}
		{E235AE2F-DDD8-4125-A9B9-C97DD324DBDD} = {31B557F0-2009-4A03-9282-25DBA5531716}
		{E59B5210-864C-4B53-A9B2-CAE02AD14A4C} = {FBBB3A6C-8C25-463D-81B4-0C319B5ADB37}
		{CC6B9B4F-C360-40FD-B9D5-F7D2F4456F64} = {E59B5210-864C-4B53-A9B2-CAE02AD14A4C}
		{422A6174-84DC-42CF-A753-7867A077862D} = {E59B5210-864C-4B53-A9B2-CAE02AD14A4C}
		{C076B1C8-C41D-4E42-B7B5-96DA821EC3A3} = {FBBB3A6C-8C25-463D-81B4-0C319B5ADB37}
		{3015EC68-0E89-41DC-AD4B-A1B4B9EC61B1} = {C076B1C8-C41D-4E42-B7B5-96DA821EC3A3}
		{1F774E79-8574-48FC-9950-8ADDFB16E246} = {C076B1C8-C41D-4E42-B7B5-96DA821EC3A3}
		{A22C7D05-05CE-4E79-943E-3E46BA0C0986} = {C076B1C8-C41D-4E42-B7B5-96DA821EC3A3}
		{40C26A2B-099F-4F04-98E7-1A7CBCA39DD8} = {C076B1C8-C41D-4E42-B7B5-96DA821EC3A3}
		{2A2308E9-90D5-4FF6-9F09-1419EAAEAA72} = {4F4A71BB-AFCD-4792-A382-2D7B04B25510}
		{58E918C2-5BA7-453B-B75F-39764722A3A3} = {2F7EAF7A-EEB0-4DC4-B63A-98DE9734C6D2}
		{9A82F7D4-E057-4185-B1BD-076726D3A7C8} = {2F7EAF7A-EEB0-4DC4-B63A-98DE9734C6D2}
		{3692B575-75E2-4530-B317-EA38B6DBF345} = {26980866-A1FC-40F4-BCF3-DC2B2405A692}
		{7DA5B7C2-B743-48BB-953F-F2A4D8F4AF10} = {4F4A71BB-AFCD-4792-A382-2D7B04B25510}
	EndGlobalSection
	GlobalSection(ExtensibilityGlobals) = postSolution
		SolutionGuid = {DAAAB1F0-2FED-4D17-B71B-1370AD41094D}
	EndGlobalSection
EndGlobal
