
Microsoft Visual Studio Solution File, Format Version 12.00
# Visual Studio Version 17
VisualStudioVersion = 17.9.34622.214
MinimumVisualStudioVersion = 10.0.40219.1
Project("{2150E333-8FDC-42A3-9474-1A3956D46DE8}") = "src", "src", "{52B6D0E2-C1CA-41B5-AF84-9D4AA3D16D13}"
EndProject
Project("{FAE04EC0-301F-11D3-BF4B-00C04F79EFBC}") = "ServiceA", "src\ServiceA\ServiceA.csproj", "{842CFC13-F217-444F-8D25-3AEF928F5A59}"
EndProject
Project("{FAE04EC0-301F-11D3-BF4B-00C04F79EFBC}") = "ServiceB", "src\ServiceB\ServiceB.csproj", "{ADC0666D-E10B-4D79-93FA-4CA0EC202C09}"
EndProject
Global
	GlobalSection(SolutionConfigurationPlatforms) = preSolution
		Debug|Any CPU = Debug|Any CPU
		Release|Any CPU = Release|Any CPU
	EndGlobalSection
	GlobalSection(ProjectConfigurationPlatforms) = postSolution
		{842CFC13-F217-444F-8D25-3AEF928F5A59}.Debug|Any CPU.ActiveCfg = Debug|Any CPU
		{842CFC13-F217-444F-8D25-3AEF928F5A59}.Debug|Any CPU.Build.0 = Debug|Any CPU
		{842CFC13-F217-444F-8D25-3AEF928F5A59}.Release|Any CPU.ActiveCfg = Release|Any CPU
		{842CFC13-F217-444F-8D25-3AEF928F5A59}.Release|Any CPU.Build.0 = Release|Any CPU
		{ADC0666D-E10B-4D79-93FA-4CA0EC202C09}.Debug|Any CPU.ActiveCfg = Debug|Any CPU
		{ADC0666D-E10B-4D79-93FA-4CA0EC202C09}.Debug|Any CPU.Build.0 = Debug|Any CPU
		{ADC0666D-E10B-4D79-93FA-4CA0EC202C09}.Release|Any CPU.ActiveCfg = Release|Any CPU
		{ADC0666D-E10B-4D79-93FA-4CA0EC202C09}.Release|Any CPU.Build.0 = Release|Any CPU
	EndGlobalSection
	GlobalSection(SolutionProperties) = preSolution
		HideSolutionNode = FALSE
	EndGlobalSection
	GlobalSection(NestedProjects) = preSolution
		{842CFC13-F217-444F-8D25-3AEF928F5A59} = {52B6D0E2-C1CA-41B5-AF84-9D4AA3D16D13}
		{ADC0666D-E10B-4D79-93FA-4CA0EC202C09} = {52B6D0E2-C1CA-41B5-AF84-9D4AA3D16D13}
	EndGlobalSection
	GlobalSection(ExtensibilityGlobals) = postSolution
		SolutionGuid = {AC970433-0702-43CD-9082-F1C588843E02}
	EndGlobalSection
EndGlobal
